
Microsoft Visual Studio Solution File, Format Version 12.00
# Visual Studio Version 17
VisualStudioVersion = 17.8.34330.188
MinimumVisualStudioVersion = 10.0.40219.1
Project("{2150E333-8FDC-42A3-9474-1A3956D46DE8}") = "MicroservicesClients", "MicroservicesClients", "{B7F224DB-308A-476E-BB53-713154DC5C8C}"
EndProject
Project("{2150E333-8FDC-42A3-9474-1A3956D46DE8}") = "SourceCode", "SourceCode", "{3F8D5891-5360-4A4D-84D6-4AE74AEF31F6}"
EndProject
Project("{2150E333-8FDC-42A3-9474-1A3956D46DE8}") = "UnitTest", "UnitTest", "{A9DF1399-85A5-42EB-82FC-2B2F2B6E1FB1}"
EndProject
Project("{9A19103F-16F7-4668-BE54-9A1E7A4F7556}") = "APIGatewayUT", "APIGatewayUT\APIGatewayUT.csproj", "{A623AB13-456B-4188-A590-ECA2F0C05B61}"
EndProject
Project("{9A19103F-16F7-4668-BE54-9A1E7A4F7556}") = "APIGatewayCoreUtilities", "APIGatewayCoreUtilities\APIGatewayCoreUtilities.csproj", "{A9105383-D4D3-443C-80FB-D83A43B2A7AE}"
EndProject
Project("{9A19103F-16F7-4668-BE54-9A1E7A4F7556}") = "APIGatewayControllers", "APIGatewayControllers\APIGatewayControllers.csproj", "{658EC21E-48CA-492E-8FE1-ACEB68B23EEB}"
EndProject
Project("{9A19103F-16F7-4668-BE54-9A1E7A4F7556}") = "APIGatewayEntities", "APIGatewayEntities\APIGatewayEntities.csproj", "{A76E8117-0FAA-4035-A221-CF18DDF7E76D}"
EndProject
Project("{9A19103F-16F7-4668-BE54-9A1E7A4F7556}") = "APIGatewayMain", "APIGatewayMain\APIGatewayMain.csproj", "{2A7BBE52-D554-4E14-8A6D-DB4EB27BB104}"
EndProject
Project("{9A19103F-16F7-4668-BE54-9A1E7A4F7556}") = "AuthorizationServiceClient", "MicroServicesClients\AuthorizationServiceClient\AuthorizationServiceClient.csproj", "{49D629A7-89AC-43B3-A8C7-886395229423}"
EndProject
Project("{9A19103F-16F7-4668-BE54-9A1E7A4F7556}") = "ContentMetadataServiceMock", "MicroServicesClients\ContentMetadataServiceMock\ContentMetadataServiceMock.csproj", "{401BE4FA-2CAF-4001-9AEF-69E9A5492950}"
EndProject
Project("{9A19103F-16F7-4668-BE54-9A1E7A4F7556}") = "LicenseServiceClient", "MicroServicesClients\LicenseServiceClient\LicenseServiceClient.csproj", "{18BE1427-6C2C-4962-8649-7C02876D8ED2}"
EndProject
Project("{9A19103F-16F7-4668-BE54-9A1E7A4F7556}") = "StreamGatewayClient", "MicroServicesClients\StreamGatewayClient\StreamGatewayClient.csproj", "{F55CD36D-B4A3-42A5-8386-B4EF714ABA1D}"
EndProject
Global
	GlobalSection(SolutionConfigurationPlatforms) = preSolution
		Debug|Any CPU = Debug|Any CPU
		Release|Any CPU = Release|Any CPU
	EndGlobalSection
	GlobalSection(ProjectConfigurationPlatforms) = postSolution
		{A623AB13-456B-4188-A590-ECA2F0C05B61}.Debug|Any CPU.ActiveCfg = Debug|Any CPU
		{A623AB13-456B-4188-A590-ECA2F0C05B61}.Debug|Any CPU.Build.0 = Debug|Any CPU
		{A623AB13-456B-4188-A590-ECA2F0C05B61}.Release|Any CPU.ActiveCfg = Release|Any CPU
		{A623AB13-456B-4188-A590-ECA2F0C05B61}.Release|Any CPU.Build.0 = Release|Any CPU
		{A9105383-D4D3-443C-80FB-D83A43B2A7AE}.Debug|Any CPU.ActiveCfg = Debug|Any CPU
		{A9105383-D4D3-443C-80FB-D83A43B2A7AE}.Debug|Any CPU.Build.0 = Debug|Any CPU
		{A9105383-D4D3-443C-80FB-D83A43B2A7AE}.Release|Any CPU.ActiveCfg = Release|Any CPU
		{A9105383-D4D3-443C-80FB-D83A43B2A7AE}.Release|Any CPU.Build.0 = Release|Any CPU
		{658EC21E-48CA-492E-8FE1-ACEB68B23EEB}.Debug|Any CPU.ActiveCfg = Debug|Any CPU
		{658EC21E-48CA-492E-8FE1-ACEB68B23EEB}.Debug|Any CPU.Build.0 = Debug|Any CPU
		{658EC21E-48CA-492E-8FE1-ACEB68B23EEB}.Release|Any CPU.ActiveCfg = Release|Any CPU
		{658EC21E-48CA-492E-8FE1-ACEB68B23EEB}.Release|Any CPU.Build.0 = Release|Any CPU
		{A76E8117-0FAA-4035-A221-CF18DDF7E76D}.Debug|Any CPU.ActiveCfg = Debug|Any CPU
		{A76E8117-0FAA-4035-A221-CF18DDF7E76D}.Debug|Any CPU.Build.0 = Debug|Any CPU
		{A76E8117-0FAA-4035-A221-CF18DDF7E76D}.Release|Any CPU.ActiveCfg = Release|Any CPU
		{A76E8117-0FAA-4035-A221-CF18DDF7E76D}.Release|Any CPU.Build.0 = Release|Any CPU
		{2A7BBE52-D554-4E14-8A6D-DB4EB27BB104}.Debug|Any CPU.ActiveCfg = Debug|Any CPU
		{2A7BBE52-D554-4E14-8A6D-DB4EB27BB104}.Debug|Any CPU.Build.0 = Debug|Any CPU
		{2A7BBE52-D554-4E14-8A6D-DB4EB27BB104}.Release|Any CPU.ActiveCfg = Release|Any CPU
		{2A7BBE52-D554-4E14-8A6D-DB4EB27BB104}.Release|Any CPU.Build.0 = Release|Any CPU
		{49D629A7-89AC-43B3-A8C7-886395229423}.Debug|Any CPU.ActiveCfg = Debug|Any CPU
		{49D629A7-89AC-43B3-A8C7-886395229423}.Debug|Any CPU.Build.0 = Debug|Any CPU
		{49D629A7-89AC-43B3-A8C7-886395229423}.Release|Any CPU.ActiveCfg = Release|Any CPU
		{49D629A7-89AC-43B3-A8C7-886395229423}.Release|Any CPU.Build.0 = Release|Any CPU
		{401BE4FA-2CAF-4001-9AEF-69E9A5492950}.Debug|Any CPU.ActiveCfg = Debug|Any CPU
		{401BE4FA-2CAF-4001-9AEF-69E9A5492950}.Debug|Any CPU.Build.0 = Debug|Any CPU
		{401BE4FA-2CAF-4001-9AEF-69E9A5492950}.Release|Any CPU.ActiveCfg = Release|Any CPU
		{401BE4FA-2CAF-4001-9AEF-69E9A5492950}.Release|Any CPU.Build.0 = Release|Any CPU
		{18BE1427-6C2C-4962-8649-7C02876D8ED2}.Debug|Any CPU.ActiveCfg = Debug|Any CPU
		{18BE1427-6C2C-4962-8649-7C02876D8ED2}.Debug|Any CPU.Build.0 = Debug|Any CPU
		{18BE1427-6C2C-4962-8649-7C02876D8ED2}.Release|Any CPU.ActiveCfg = Release|Any CPU
		{18BE1427-6C2C-4962-8649-7C02876D8ED2}.Release|Any CPU.Build.0 = Release|Any CPU
		{F55CD36D-B4A3-42A5-8386-B4EF714ABA1D}.Debug|Any CPU.ActiveCfg = Debug|Any CPU
		{F55CD36D-B4A3-42A5-8386-B4EF714ABA1D}.Debug|Any CPU.Build.0 = Debug|Any CPU
		{F55CD36D-B4A3-42A5-8386-B4EF714ABA1D}.Release|Any CPU.ActiveCfg = Release|Any CPU
		{F55CD36D-B4A3-42A5-8386-B4EF714ABA1D}.Release|Any CPU.Build.0 = Release|Any CPU
	EndGlobalSection
	GlobalSection(SolutionProperties) = preSolution
		HideSolutionNode = FALSE
	EndGlobalSection
	GlobalSection(NestedProjects) = preSolution
		{B7F224DB-308A-476E-BB53-713154DC5C8C} = {3F8D5891-5360-4A4D-84D6-4AE74AEF31F6}
		{A623AB13-456B-4188-A590-ECA2F0C05B61} = {A9DF1399-85A5-42EB-82FC-2B2F2B6E1FB1}
		{A9105383-D4D3-443C-80FB-D83A43B2A7AE} = {3F8D5891-5360-4A4D-84D6-4AE74AEF31F6}
		{658EC21E-48CA-492E-8FE1-ACEB68B23EEB} = {3F8D5891-5360-4A4D-84D6-4AE74AEF31F6}
		{A76E8117-0FAA-4035-A221-CF18DDF7E76D} = {3F8D5891-5360-4A4D-84D6-4AE74AEF31F6}
		{2A7BBE52-D554-4E14-8A6D-DB4EB27BB104} = {3F8D5891-5360-4A4D-84D6-4AE74AEF31F6}
		{49D629A7-89AC-43B3-A8C7-886395229423} = {B7F224DB-308A-476E-BB53-713154DC5C8C}
		{401BE4FA-2CAF-4001-9AEF-69E9A5492950} = {B7F224DB-308A-476E-BB53-713154DC5C8C}
		{18BE1427-6C2C-4962-8649-7C02876D8ED2} = {B7F224DB-308A-476E-BB53-713154DC5C8C}
		{F55CD36D-B4A3-42A5-8386-B4EF714ABA1D} = {B7F224DB-308A-476E-BB53-713154DC5C8C}
	EndGlobalSection
	GlobalSection(ExtensibilityGlobals) = postSolution
		SolutionGuid = {BEF128E7-167F-4F52-BC68-C39D70551F30}
	EndGlobalSection
EndGlobal
