
Microsoft Visual Studio Solution File, Format Version 12.00
# Visual Studio Version 17
VisualStudioVersion = 17.8.34330.188
MinimumVisualStudioVersion = 10.0.40219.1
Project("{9A19103F-16F7-4668-BE54-9A1E7A4F7556}") = "APIGatewayMain", "APIGateway\APIGatewayMain.csproj", "{82FF579A-A296-4A14-865B-00F6A8C37AE8}"
EndProject
Project("{9A19103F-16F7-4668-BE54-9A1E7A4F7556}") = "APIGatewayEntities", "APIGatewayRoutingComponent\APIGatewayEntities.csproj", "{B71B8F2C-280F-4BA7-9940-7CB31A03906A}"
EndProject
Project("{9A19103F-16F7-4668-BE54-9A1E7A4F7556}") = "LicenseProxyAPI", "APIGatewayMicroservicesClient\LicenseProxyAPI.csproj", "{308347DC-901D-49CA-B634-C6DDCCA6E2AC}"
EndProject
Project("{2150E333-8FDC-42A3-9474-1A3956D46DE8}") = "MicroservicesAPI", "MicroservicesAPI", "{B7F224DB-308A-476E-BB53-713154DC5C8C}"
EndProject
Project("{2150E333-8FDC-42A3-9474-1A3956D46DE8}") = "SourceCode", "SourceCode", "{3F8D5891-5360-4A4D-84D6-4AE74AEF31F6}"
EndProject
Project("{2150E333-8FDC-42A3-9474-1A3956D46DE8}") = "UnitTest", "UnitTest", "{A9DF1399-85A5-42EB-82FC-2B2F2B6E1FB1}"
EndProject
Project("{2150E333-8FDC-42A3-9474-1A3956D46DE8}") = "MicroservicesMocks", "MicroservicesMocks", "{E11EFBF4-BC1F-465B-9EFB-ACC4E799401F}"
EndProject
Project("{9A19103F-16F7-4668-BE54-9A1E7A4F7556}") = "AuthorizationServiceAPI", "AuthorizationServiceAPI\AuthorizationServiceAPI.csproj", "{FF48F691-B2B6-4C3C-87C9-4720448D144B}"
EndProject
Project("{9A19103F-16F7-4668-BE54-9A1E7A4F7556}") = "StreamGatewayMock", "StreamGatewayMock\StreamGatewayMock.csproj", "{0EC07E62-C6BD-495E-A0AE-4E55D6FD5B88}"
EndProject
Project("{9A19103F-16F7-4668-BE54-9A1E7A4F7556}") = "APIGatewayUT", "APIGatewayUT\APIGatewayUT.csproj", "{A623AB13-456B-4188-A590-ECA2F0C05B61}"
EndProject
Project("{9A19103F-16F7-4668-BE54-9A1E7A4F7556}") = "ContentMetadataServiceMock", "ContentMetadataServiceMock\ContentMetadataServiceMock.csproj", "{13DD5F98-BCDC-4048-913C-F57BF276AB75}"
EndProject
Project("{9A19103F-16F7-4668-BE54-9A1E7A4F7556}") = "APIGatewayCoreUtilities", "APIGatewayCoreUtilities\APIGatewayCoreUtilities.csproj", "{A9105383-D4D3-443C-80FB-D83A43B2A7AE}"
EndProject
Project("{9A19103F-16F7-4668-BE54-9A1E7A4F7556}") = "APIGatewayControllers", "APIGatewayControllers\APIGatewayControllers.csproj", "{658EC21E-48CA-492E-8FE1-ACEB68B23EEB}"
EndProject
Project("{FAE04EC0-301F-11D3-BF4B-00C04F79EFBC}") = "StreamGatewayAPI", "StreamGatewayAPI\StreamGatewayAPI.csproj", "{9FC44051-1B6C-431F-ADAD-728ECBC8ACBE}"
EndProject
Global
	GlobalSection(SolutionConfigurationPlatforms) = preSolution
		Debug|Any CPU = Debug|Any CPU
		Release|Any CPU = Release|Any CPU
	EndGlobalSection
	GlobalSection(ProjectConfigurationPlatforms) = postSolution
		{82FF579A-A296-4A14-865B-00F6A8C37AE8}.Debug|Any CPU.ActiveCfg = Debug|Any CPU
		{82FF579A-A296-4A14-865B-00F6A8C37AE8}.Debug|Any CPU.Build.0 = Debug|Any CPU
		{82FF579A-A296-4A14-865B-00F6A8C37AE8}.Release|Any CPU.ActiveCfg = Release|Any CPU
		{82FF579A-A296-4A14-865B-00F6A8C37AE8}.Release|Any CPU.Build.0 = Release|Any CPU
		{B71B8F2C-280F-4BA7-9940-7CB31A03906A}.Debug|Any CPU.ActiveCfg = Debug|Any CPU
		{B71B8F2C-280F-4BA7-9940-7CB31A03906A}.Debug|Any CPU.Build.0 = Debug|Any CPU
		{B71B8F2C-280F-4BA7-9940-7CB31A03906A}.Release|Any CPU.ActiveCfg = Release|Any CPU
		{B71B8F2C-280F-4BA7-9940-7CB31A03906A}.Release|Any CPU.Build.0 = Release|Any CPU
		{308347DC-901D-49CA-B634-C6DDCCA6E2AC}.Debug|Any CPU.ActiveCfg = Debug|Any CPU
		{308347DC-901D-49CA-B634-C6DDCCA6E2AC}.Debug|Any CPU.Build.0 = Debug|Any CPU
		{308347DC-901D-49CA-B634-C6DDCCA6E2AC}.Release|Any CPU.ActiveCfg = Release|Any CPU
		{308347DC-901D-49CA-B634-C6DDCCA6E2AC}.Release|Any CPU.Build.0 = Release|Any CPU
		{FF48F691-B2B6-4C3C-87C9-4720448D144B}.Debug|Any CPU.ActiveCfg = Debug|Any CPU
		{FF48F691-B2B6-4C3C-87C9-4720448D144B}.Debug|Any CPU.Build.0 = Debug|Any CPU
		{FF48F691-B2B6-4C3C-87C9-4720448D144B}.Release|Any CPU.ActiveCfg = Release|Any CPU
		{FF48F691-B2B6-4C3C-87C9-4720448D144B}.Release|Any CPU.Build.0 = Release|Any CPU
		{0EC07E62-C6BD-495E-A0AE-4E55D6FD5B88}.Debug|Any CPU.ActiveCfg = Debug|Any CPU
		{0EC07E62-C6BD-495E-A0AE-4E55D6FD5B88}.Debug|Any CPU.Build.0 = Debug|Any CPU
		{0EC07E62-C6BD-495E-A0AE-4E55D6FD5B88}.Release|Any CPU.ActiveCfg = Release|Any CPU
		{0EC07E62-C6BD-495E-A0AE-4E55D6FD5B88}.Release|Any CPU.Build.0 = Release|Any CPU
		{A623AB13-456B-4188-A590-ECA2F0C05B61}.Debug|Any CPU.ActiveCfg = Debug|Any CPU
		{A623AB13-456B-4188-A590-ECA2F0C05B61}.Debug|Any CPU.Build.0 = Debug|Any CPU
		{A623AB13-456B-4188-A590-ECA2F0C05B61}.Release|Any CPU.ActiveCfg = Release|Any CPU
		{A623AB13-456B-4188-A590-ECA2F0C05B61}.Release|Any CPU.Build.0 = Release|Any CPU
		{13DD5F98-BCDC-4048-913C-F57BF276AB75}.Debug|Any CPU.ActiveCfg = Debug|Any CPU
		{13DD5F98-BCDC-4048-913C-F57BF276AB75}.Debug|Any CPU.Build.0 = Debug|Any CPU
		{13DD5F98-BCDC-4048-913C-F57BF276AB75}.Release|Any CPU.ActiveCfg = Release|Any CPU
		{13DD5F98-BCDC-4048-913C-F57BF276AB75}.Release|Any CPU.Build.0 = Release|Any CPU
		{A9105383-D4D3-443C-80FB-D83A43B2A7AE}.Debug|Any CPU.ActiveCfg = Debug|Any CPU
		{A9105383-D4D3-443C-80FB-D83A43B2A7AE}.Debug|Any CPU.Build.0 = Debug|Any CPU
		{A9105383-D4D3-443C-80FB-D83A43B2A7AE}.Release|Any CPU.ActiveCfg = Release|Any CPU
		{A9105383-D4D3-443C-80FB-D83A43B2A7AE}.Release|Any CPU.Build.0 = Release|Any CPU
		{658EC21E-48CA-492E-8FE1-ACEB68B23EEB}.Debug|Any CPU.ActiveCfg = Debug|Any CPU
		{658EC21E-48CA-492E-8FE1-ACEB68B23EEB}.Debug|Any CPU.Build.0 = Debug|Any CPU
		{658EC21E-48CA-492E-8FE1-ACEB68B23EEB}.Release|Any CPU.ActiveCfg = Release|Any CPU
		{658EC21E-48CA-492E-8FE1-ACEB68B23EEB}.Release|Any CPU.Build.0 = Release|Any CPU
		{9FC44051-1B6C-431F-ADAD-728ECBC8ACBE}.Debug|Any CPU.ActiveCfg = Debug|Any CPU
		{9FC44051-1B6C-431F-ADAD-728ECBC8ACBE}.Debug|Any CPU.Build.0 = Debug|Any CPU
		{9FC44051-1B6C-431F-ADAD-728ECBC8ACBE}.Release|Any CPU.ActiveCfg = Release|Any CPU
		{9FC44051-1B6C-431F-ADAD-728ECBC8ACBE}.Release|Any CPU.Build.0 = Release|Any CPU
	EndGlobalSection
	GlobalSection(SolutionProperties) = preSolution
		HideSolutionNode = FALSE
	EndGlobalSection
	GlobalSection(NestedProjects) = preSolution
		{82FF579A-A296-4A14-865B-00F6A8C37AE8} = {3F8D5891-5360-4A4D-84D6-4AE74AEF31F6}
		{B71B8F2C-280F-4BA7-9940-7CB31A03906A} = {3F8D5891-5360-4A4D-84D6-4AE74AEF31F6}
		{308347DC-901D-49CA-B634-C6DDCCA6E2AC} = {B7F224DB-308A-476E-BB53-713154DC5C8C}
		{B7F224DB-308A-476E-BB53-713154DC5C8C} = {3F8D5891-5360-4A4D-84D6-4AE74AEF31F6}
		{E11EFBF4-BC1F-465B-9EFB-ACC4E799401F} = {3F8D5891-5360-4A4D-84D6-4AE74AEF31F6}
		{FF48F691-B2B6-4C3C-87C9-4720448D144B} = {B7F224DB-308A-476E-BB53-713154DC5C8C}
		{0EC07E62-C6BD-495E-A0AE-4E55D6FD5B88} = {E11EFBF4-BC1F-465B-9EFB-ACC4E799401F}
		{A623AB13-456B-4188-A590-ECA2F0C05B61} = {A9DF1399-85A5-42EB-82FC-2B2F2B6E1FB1}
		{13DD5F98-BCDC-4048-913C-F57BF276AB75} = {E11EFBF4-BC1F-465B-9EFB-ACC4E799401F}
		{A9105383-D4D3-443C-80FB-D83A43B2A7AE} = {3F8D5891-5360-4A4D-84D6-4AE74AEF31F6}
		{658EC21E-48CA-492E-8FE1-ACEB68B23EEB} = {3F8D5891-5360-4A4D-84D6-4AE74AEF31F6}
		{9FC44051-1B6C-431F-ADAD-728ECBC8ACBE} = {B7F224DB-308A-476E-BB53-713154DC5C8C}
	EndGlobalSection
	GlobalSection(ExtensibilityGlobals) = postSolution
		SolutionGuid = {BEF128E7-167F-4F52-BC68-C39D70551F30}
	EndGlobalSection
EndGlobal
